// !$*UTF8*$!
{
	archiveVersion = 1;
	classes = {
	};
	objectVersion = 50;
	objects = {

/* Begin PBXBuildFile section */
		84429D702463356900E5BA3A /* AppDelegate.swift in Sources */ = {isa = PBXBuildFile; fileRef = 84429D6F2463356900E5BA3A /* AppDelegate.swift */; };
		84429D722463356900E5BA3A /* SceneDelegate.swift in Sources */ = {isa = PBXBuildFile; fileRef = 84429D712463356900E5BA3A /* SceneDelegate.swift */; };
		84429D742463356900E5BA3A /* ViewController.swift in Sources */ = {isa = PBXBuildFile; fileRef = 84429D732463356900E5BA3A /* ViewController.swift */; };
		84429D772463356900E5BA3A /* Main.storyboard in Resources */ = {isa = PBXBuildFile; fileRef = 84429D752463356900E5BA3A /* Main.storyboard */; };
		84429D7A2463356900E5BA3A /* stackFoodGame.xcdatamodeld in Sources */ = {isa = PBXBuildFile; fileRef = 84429D782463356900E5BA3A /* stackFoodGame.xcdatamodeld */; };
		84429D7C2463356C00E5BA3A /* Assets.xcassets in Resources */ = {isa = PBXBuildFile; fileRef = 84429D7B2463356C00E5BA3A /* Assets.xcassets */; };
		84429D7F2463356C00E5BA3A /* LaunchScreen.storyboard in Resources */ = {isa = PBXBuildFile; fileRef = 84429D7D2463356C00E5BA3A /* LaunchScreen.storyboard */; };
		8489167224633D2C00ACB75A /* playGame.storyboard in Resources */ = {isa = PBXBuildFile; fileRef = 8489167024633D2C00ACB75A /* playGame.storyboard */; };
		8489167424633F0D00ACB75A /* PlayGameController.swift in Sources */ = {isa = PBXBuildFile; fileRef = 8489167324633F0D00ACB75A /* PlayGameController.swift */; };
		8489167924637B7500ACB75A /* stats.storyboard in Resources */ = {isa = PBXBuildFile; fileRef = 8489167724637B7500ACB75A /* stats.storyboard */; };
		8489167C24637B8100ACB75A /* store.storyboard in Resources */ = {isa = PBXBuildFile; fileRef = 8489167A24637B8100ACB75A /* store.storyboard */; };
		8489167F24637BC300ACB75A /* orderAssignment.storyboard in Resources */ = {isa = PBXBuildFile; fileRef = 8489167D24637BC300ACB75A /* orderAssignment.storyboard */; };
		8489168424637BED00ACB75A /* orderComplete.storyboard in Resources */ = {isa = PBXBuildFile; fileRef = 8489168224637BED00ACB75A /* orderComplete.storyboard */; };
		8489168624637CFF00ACB75A /* statsController.swift in Sources */ = {isa = PBXBuildFile; fileRef = 8489168524637CFF00ACB75A /* statsController.swift */; };
		8489168824637D1100ACB75A /* StoreController.swift in Sources */ = {isa = PBXBuildFile; fileRef = 8489168724637D1100ACB75A /* StoreController.swift */; };
		8489168A24637D2400ACB75A /* OrderAssignmentController.swift in Sources */ = {isa = PBXBuildFile; fileRef = 8489168924637D2400ACB75A /* OrderAssignmentController.swift */; };
		8489168C24637D3B00ACB75A /* OrderCompleteController.swift in Sources */ = {isa = PBXBuildFile; fileRef = 8489168B24637D3B00ACB75A /* OrderCompleteController.swift */; };
		DAB26BBA2464CD530052BE46 /* PlayerCustomization.storyboard in Resources */ = {isa = PBXBuildFile; fileRef = DAB26BB92464CD530052BE46 /* PlayerCustomization.storyboard */; };
		DAB26BBE2464CDA90052BE46 /* PlayerCustomizationController.swift in Sources */ = {isa = PBXBuildFile; fileRef = DAB26BBD2464CDA90052BE46 /* PlayerCustomizationController.swift */; };
/* End PBXBuildFile section */

/* Begin PBXFileReference section */
		84429D6C2463356900E5BA3A /* stackFoodGame.app */ = {isa = PBXFileReference; explicitFileType = wrapper.application; includeInIndex = 0; path = stackFoodGame.app; sourceTree = BUILT_PRODUCTS_DIR; };
		84429D6F2463356900E5BA3A /* AppDelegate.swift */ = {isa = PBXFileReference; lastKnownFileType = sourcecode.swift; path = AppDelegate.swift; sourceTree = "<group>"; };
		84429D712463356900E5BA3A /* SceneDelegate.swift */ = {isa = PBXFileReference; lastKnownFileType = sourcecode.swift; path = SceneDelegate.swift; sourceTree = "<group>"; };
		84429D732463356900E5BA3A /* ViewController.swift */ = {isa = PBXFileReference; lastKnownFileType = sourcecode.swift; path = ViewController.swift; sourceTree = "<group>"; };
		84429D762463356900E5BA3A /* Base */ = {isa = PBXFileReference; lastKnownFileType = file.storyboard; name = Base; path = Base.lproj/Main.storyboard; sourceTree = "<group>"; };
		84429D792463356900E5BA3A /* stackFoodGame.xcdatamodel */ = {isa = PBXFileReference; lastKnownFileType = wrapper.xcdatamodel; path = stackFoodGame.xcdatamodel; sourceTree = "<group>"; };
		84429D7B2463356C00E5BA3A /* Assets.xcassets */ = {isa = PBXFileReference; lastKnownFileType = folder.assetcatalog; path = Assets.xcassets; sourceTree = "<group>"; };
		84429D7E2463356C00E5BA3A /* Base */ = {isa = PBXFileReference; lastKnownFileType = file.storyboard; name = Base; path = Base.lproj/LaunchScreen.storyboard; sourceTree = "<group>"; };
		84429D802463356C00E5BA3A /* Info.plist */ = {isa = PBXFileReference; lastKnownFileType = text.plist.xml; path = Info.plist; sourceTree = "<group>"; };
		8489167124633D2C00ACB75A /* Base */ = {isa = PBXFileReference; lastKnownFileType = file.storyboard; name = Base; path = Base.lproj/playGame.storyboard; sourceTree = "<group>"; };
		8489167324633F0D00ACB75A /* PlayGameController.swift */ = {isa = PBXFileReference; lastKnownFileType = sourcecode.swift; path = PlayGameController.swift; sourceTree = "<group>"; };
		8489167824637B7500ACB75A /* Base */ = {isa = PBXFileReference; lastKnownFileType = file.storyboard; name = Base; path = Base.lproj/stats.storyboard; sourceTree = "<group>"; };
		8489167B24637B8100ACB75A /* Base */ = {isa = PBXFileReference; lastKnownFileType = file.storyboard; name = Base; path = Base.lproj/store.storyboard; sourceTree = "<group>"; };
		8489167E24637BC300ACB75A /* Base */ = {isa = PBXFileReference; lastKnownFileType = file.storyboard; name = Base; path = Base.lproj/orderAssignment.storyboard; sourceTree = "<group>"; };
		8489168324637BED00ACB75A /* Base */ = {isa = PBXFileReference; lastKnownFileType = file.storyboard; name = Base; path = Base.lproj/orderComplete.storyboard; sourceTree = "<group>"; };
		8489168524637CFF00ACB75A /* statsController.swift */ = {isa = PBXFileReference; lastKnownFileType = sourcecode.swift; path = statsController.swift; sourceTree = "<group>"; };
		8489168724637D1100ACB75A /* StoreController.swift */ = {isa = PBXFileReference; lastKnownFileType = sourcecode.swift; path = StoreController.swift; sourceTree = "<group>"; };
		8489168924637D2400ACB75A /* OrderAssignmentController.swift */ = {isa = PBXFileReference; lastKnownFileType = sourcecode.swift; path = OrderAssignmentController.swift; sourceTree = "<group>"; };
		8489168B24637D3B00ACB75A /* OrderCompleteController.swift */ = {isa = PBXFileReference; lastKnownFileType = sourcecode.swift; path = OrderCompleteController.swift; sourceTree = "<group>"; };
		DAB26BB92464CD530052BE46 /* PlayerCustomization.storyboard */ = {isa = PBXFileReference; lastKnownFileType = file.storyboard; path = PlayerCustomization.storyboard; sourceTree = "<group>"; };
		DAB26BBD2464CDA90052BE46 /* PlayerCustomizationController.swift */ = {isa = PBXFileReference; fileEncoding = 4; lastKnownFileType = sourcecode.swift; path = PlayerCustomizationController.swift; sourceTree = "<group>"; };
/* End PBXFileReference section */

/* Begin PBXFrameworksBuildPhase section */
		84429D692463356900E5BA3A /* Frameworks */ = {
			isa = PBXFrameworksBuildPhase;
			buildActionMask = 2147483647;
			files = (
			);
			runOnlyForDeploymentPostprocessing = 0;
		};
/* End PBXFrameworksBuildPhase section */

/* Begin PBXGroup section */
		84429D632463356900E5BA3A = {
			isa = PBXGroup;
			children = (
				84429D6E2463356900E5BA3A /* stackFoodGame */,
				84429D6D2463356900E5BA3A /* Products */,
			);
			sourceTree = "<group>";
		};
		84429D6D2463356900E5BA3A /* Products */ = {
			isa = PBXGroup;
			children = (
				84429D6C2463356900E5BA3A /* stackFoodGame.app */,
			);
			name = Products;
			sourceTree = "<group>";
		};
		84429D6E2463356900E5BA3A /* stackFoodGame */ = {
			isa = PBXGroup;
			children = (
				8489166C24633CAF00ACB75A /* Model */,
				8489166D24633CB900ACB75A /* Views */,
				8489166E24633CC100ACB75A /* View Controllers */,
				8489166F24633CDE00ACB75A /* Data */,
				84429D7B2463356C00E5BA3A /* Assets.xcassets */,
				84429D802463356C00E5BA3A /* Info.plist */,
			);
			path = stackFoodGame;
			sourceTree = "<group>";
		};
		8489166C24633CAF00ACB75A /* Model */ = {
			isa = PBXGroup;
			children = (
				84429D6F2463356900E5BA3A /* AppDelegate.swift */,
				84429D712463356900E5BA3A /* SceneDelegate.swift */,
			);
			path = Model;
			sourceTree = "<group>";
		};
		8489166D24633CB900ACB75A /* Views */ = {
			isa = PBXGroup;
			children = (
				84429D7D2463356C00E5BA3A /* LaunchScreen.storyboard */,
				84429D752463356900E5BA3A /* Main.storyboard */,
				8489167724637B7500ACB75A /* stats.storyboard */,
				8489167A24637B8100ACB75A /* store.storyboard */,
				8489167D24637BC300ACB75A /* orderAssignment.storyboard */,
				8489167024633D2C00ACB75A /* playGame.storyboard */,
				8489168224637BED00ACB75A /* orderComplete.storyboard */,
				DAB26BB92464CD530052BE46 /* PlayerCustomization.storyboard */,
			);
			path = Views;
			sourceTree = "<group>";
		};
		8489166E24633CC100ACB75A /* View Controllers */ = {
			isa = PBXGroup;
			children = (
				84429D732463356900E5BA3A /* ViewController.swift */,
				DAB26BBD2464CDA90052BE46 /* PlayerCustomizationController.swift */,
				8489167324633F0D00ACB75A /* PlayGameController.swift */,
				8489168524637CFF00ACB75A /* statsController.swift */,
				8489168724637D1100ACB75A /* StoreController.swift */,
				8489168924637D2400ACB75A /* OrderAssignmentController.swift */,
				8489168B24637D3B00ACB75A /* OrderCompleteController.swift */,
			);
			path = "View Controllers";
			sourceTree = "<group>";
		};
		8489166F24633CDE00ACB75A /* Data */ = {
			isa = PBXGroup;
			children = (
				84429D782463356900E5BA3A /* stackFoodGame.xcdatamodeld */,
			);
			path = Data;
			sourceTree = "<group>";
		};
/* End PBXGroup section */

/* Begin PBXNativeTarget section */
		84429D6B2463356900E5BA3A /* stackFoodGame */ = {
			isa = PBXNativeTarget;
			buildConfigurationList = 84429D832463356C00E5BA3A /* Build configuration list for PBXNativeTarget "stackFoodGame" */;
			buildPhases = (
				84429D682463356900E5BA3A /* Sources */,
				84429D692463356900E5BA3A /* Frameworks */,
				84429D6A2463356900E5BA3A /* Resources */,
			);
			buildRules = (
			);
			dependencies = (
			);
			name = stackFoodGame;
			productName = stackFoodGame;
			productReference = 84429D6C2463356900E5BA3A /* stackFoodGame.app */;
			productType = "com.apple.product-type.application";
		};
/* End PBXNativeTarget section */

/* Begin PBXProject section */
		84429D642463356900E5BA3A /* Project object */ = {
			isa = PBXProject;
			attributes = {
				LastSwiftUpdateCheck = 1130;
				LastUpgradeCheck = 1130;
				ORGANIZATIONNAME = "Michael Hayes";
				TargetAttributes = {
					84429D6B2463356900E5BA3A = {
						CreatedOnToolsVersion = 11.3.1;
					};
				};
			};
			buildConfigurationList = 84429D672463356900E5BA3A /* Build configuration list for PBXProject "stackFoodGame" */;
			compatibilityVersion = "Xcode 9.3";
			developmentRegion = en;
			hasScannedForEncodings = 0;
			knownRegions = (
				en,
				Base,
			);
			mainGroup = 84429D632463356900E5BA3A;
			productRefGroup = 84429D6D2463356900E5BA3A /* Products */;
			projectDirPath = "";
			projectRoot = "";
			targets = (
				84429D6B2463356900E5BA3A /* stackFoodGame */,
			);
		};
/* End PBXProject section */

/* Begin PBXResourcesBuildPhase section */
		84429D6A2463356900E5BA3A /* Resources */ = {
			isa = PBXResourcesBuildPhase;
			buildActionMask = 2147483647;
			files = (
				84429D7F2463356C00E5BA3A /* LaunchScreen.storyboard in Resources */,
				84429D7C2463356C00E5BA3A /* Assets.xcassets in Resources */,
				8489167F24637BC300ACB75A /* orderAssignment.storyboard in Resources */,
				8489167C24637B8100ACB75A /* store.storyboard in Resources */,
				8489168424637BED00ACB75A /* orderComplete.storyboard in Resources */,
				8489167924637B7500ACB75A /* stats.storyboard in Resources */,
				8489167224633D2C00ACB75A /* playGame.storyboard in Resources */,
				DAB26BBA2464CD530052BE46 /* PlayerCustomization.storyboard in Resources */,
				84429D772463356900E5BA3A /* Main.storyboard in Resources */,
			);
			runOnlyForDeploymentPostprocessing = 0;
		};
/* End PBXResourcesBuildPhase section */

/* Begin PBXSourcesBuildPhase section */
		84429D682463356900E5BA3A /* Sources */ = {
			isa = PBXSourcesBuildPhase;
			buildActionMask = 2147483647;
			files = (
				8489167424633F0D00ACB75A /* PlayGameController.swift in Sources */,
				8489168624637CFF00ACB75A /* statsController.swift in Sources */,
				84429D742463356900E5BA3A /* ViewController.swift in Sources */,
				8489168A24637D2400ACB75A /* OrderAssignmentController.swift in Sources */,
				84429D702463356900E5BA3A /* AppDelegate.swift in Sources */,
				84429D7A2463356900E5BA3A /* stackFoodGame.xcdatamodeld in Sources */,
				84429D722463356900E5BA3A /* SceneDelegate.swift in Sources */,
				8489168824637D1100ACB75A /* StoreController.swift in Sources */,
				DAB26BBE2464CDA90052BE46 /* PlayerCustomizationController.swift in Sources */,
				8489168C24637D3B00ACB75A /* OrderCompleteController.swift in Sources */,
			);
			runOnlyForDeploymentPostprocessing = 0;
		};
/* End PBXSourcesBuildPhase section */

/* Begin PBXVariantGroup section */
		84429D752463356900E5BA3A /* Main.storyboard */ = {
			isa = PBXVariantGroup;
			children = (
				84429D762463356900E5BA3A /* Base */,
			);
			name = Main.storyboard;
			sourceTree = "<group>";
		};
		84429D7D2463356C00E5BA3A /* LaunchScreen.storyboard */ = {
			isa = PBXVariantGroup;
			children = (
				84429D7E2463356C00E5BA3A /* Base */,
			);
			name = LaunchScreen.storyboard;
			sourceTree = "<group>";
		};
		8489167024633D2C00ACB75A /* playGame.storyboard */ = {
			isa = PBXVariantGroup;
			children = (
				8489167124633D2C00ACB75A /* Base */,
			);
			name = playGame.storyboard;
			sourceTree = "<group>";
		};
		8489167724637B7500ACB75A /* stats.storyboard */ = {
			isa = PBXVariantGroup;
			children = (
				8489167824637B7500ACB75A /* Base */,
			);
			name = stats.storyboard;
			sourceTree = "<group>";
		};
		8489167A24637B8100ACB75A /* store.storyboard */ = {
			isa = PBXVariantGroup;
			children = (
				8489167B24637B8100ACB75A /* Base */,
			);
			name = store.storyboard;
			sourceTree = "<group>";
		};
		8489167D24637BC300ACB75A /* orderAssignment.storyboard */ = {
			isa = PBXVariantGroup;
			children = (
				8489167E24637BC300ACB75A /* Base */,
			);
			name = orderAssignment.storyboard;
			sourceTree = "<group>";
		};
		8489168224637BED00ACB75A /* orderComplete.storyboard */ = {
			isa = PBXVariantGroup;
			children = (
				8489168324637BED00ACB75A /* Base */,
			);
			name = orderComplete.storyboard;
			sourceTree = "<group>";
		};
/* End PBXVariantGroup section */

/* Begin XCBuildConfiguration section */
		84429D812463356C00E5BA3A /* Debug */ = {
			isa = XCBuildConfiguration;
			buildSettings = {
				ALWAYS_SEARCH_USER_PATHS = NO;
				CLANG_ANALYZER_NONNULL = YES;
				CLANG_ANALYZER_NUMBER_OBJECT_CONVERSION = YES_AGGRESSIVE;
				CLANG_CXX_LANGUAGE_STANDARD = "gnu++14";
				CLANG_CXX_LIBRARY = "libc++";
				CLANG_ENABLE_MODULES = YES;
				CLANG_ENABLE_OBJC_ARC = YES;
				CLANG_ENABLE_OBJC_WEAK = YES;
				CLANG_WARN_BLOCK_CAPTURE_AUTORELEASING = YES;
				CLANG_WARN_BOOL_CONVERSION = YES;
				CLANG_WARN_COMMA = YES;
				CLANG_WARN_CONSTANT_CONVERSION = YES;
				CLANG_WARN_DEPRECATED_OBJC_IMPLEMENTATIONS = YES;
				CLANG_WARN_DIRECT_OBJC_ISA_USAGE = YES_ERROR;
				CLANG_WARN_DOCUMENTATION_COMMENTS = YES;
				CLANG_WARN_EMPTY_BODY = YES;
				CLANG_WARN_ENUM_CONVERSION = YES;
				CLANG_WARN_INFINITE_RECURSION = YES;
				CLANG_WARN_INT_CONVERSION = YES;
				CLANG_WARN_NON_LITERAL_NULL_CONVERSION = YES;
				CLANG_WARN_OBJC_IMPLICIT_RETAIN_SELF = YES;
				CLANG_WARN_OBJC_LITERAL_CONVERSION = YES;
				CLANG_WARN_OBJC_ROOT_CLASS = YES_ERROR;
				CLANG_WARN_RANGE_LOOP_ANALYSIS = YES;
				CLANG_WARN_STRICT_PROTOTYPES = YES;
				CLANG_WARN_SUSPICIOUS_MOVE = YES;
				CLANG_WARN_UNGUARDED_AVAILABILITY = YES_AGGRESSIVE;
				CLANG_WARN_UNREACHABLE_CODE = YES;
				CLANG_WARN__DUPLICATE_METHOD_MATCH = YES;
				COPY_PHASE_STRIP = NO;
				DEBUG_INFORMATION_FORMAT = dwarf;
				ENABLE_STRICT_OBJC_MSGSEND = YES;
				ENABLE_TESTABILITY = YES;
				GCC_C_LANGUAGE_STANDARD = gnu11;
				GCC_DYNAMIC_NO_PIC = NO;
				GCC_NO_COMMON_BLOCKS = YES;
				GCC_OPTIMIZATION_LEVEL = 0;
				GCC_PREPROCESSOR_DEFINITIONS = (
					"DEBUG=1",
					"$(inherited)",
				);
				GCC_WARN_64_TO_32_BIT_CONVERSION = YES;
				GCC_WARN_ABOUT_RETURN_TYPE = YES_ERROR;
				GCC_WARN_UNDECLARED_SELECTOR = YES;
				GCC_WARN_UNINITIALIZED_AUTOS = YES_AGGRESSIVE;
				GCC_WARN_UNUSED_FUNCTION = YES;
				GCC_WARN_UNUSED_VARIABLE = YES;
				IPHONEOS_DEPLOYMENT_TARGET = 13.2;
				MTL_ENABLE_DEBUG_INFO = INCLUDE_SOURCE;
				MTL_FAST_MATH = YES;
				ONLY_ACTIVE_ARCH = YES;
				SDKROOT = iphoneos;
				SWIFT_ACTIVE_COMPILATION_CONDITIONS = DEBUG;
				SWIFT_OPTIMIZATION_LEVEL = "-Onone";
			};
			name = Debug;
		};
		84429D822463356C00E5BA3A /* Release */ = {
			isa = XCBuildConfiguration;
			buildSettings = {
				ALWAYS_SEARCH_USER_PATHS = NO;
				CLANG_ANALYZER_NONNULL = YES;
				CLANG_ANALYZER_NUMBER_OBJECT_CONVERSION = YES_AGGRESSIVE;
				CLANG_CXX_LANGUAGE_STANDARD = "gnu++14";
				CLANG_CXX_LIBRARY = "libc++";
				CLANG_ENABLE_MODULES = YES;
				CLANG_ENABLE_OBJC_ARC = YES;
				CLANG_ENABLE_OBJC_WEAK = YES;
				CLANG_WARN_BLOCK_CAPTURE_AUTORELEASING = YES;
				CLANG_WARN_BOOL_CONVERSION = YES;
				CLANG_WARN_COMMA = YES;
				CLANG_WARN_CONSTANT_CONVERSION = YES;
				CLANG_WARN_DEPRECATED_OBJC_IMPLEMENTATIONS = YES;
				CLANG_WARN_DIRECT_OBJC_ISA_USAGE = YES_ERROR;
				CLANG_WARN_DOCUMENTATION_COMMENTS = YES;
				CLANG_WARN_EMPTY_BODY = YES;
				CLANG_WARN_ENUM_CONVERSION = YES;
				CLANG_WARN_INFINITE_RECURSION = YES;
				CLANG_WARN_INT_CONVERSION = YES;
				CLANG_WARN_NON_LITERAL_NULL_CONVERSION = YES;
				CLANG_WARN_OBJC_IMPLICIT_RETAIN_SELF = YES;
				CLANG_WARN_OBJC_LITERAL_CONVERSION = YES;
				CLANG_WARN_OBJC_ROOT_CLASS = YES_ERROR;
				CLANG_WARN_RANGE_LOOP_ANALYSIS = YES;
				CLANG_WARN_STRICT_PROTOTYPES = YES;
				CLANG_WARN_SUSPICIOUS_MOVE = YES;
				CLANG_WARN_UNGUARDED_AVAILABILITY = YES_AGGRESSIVE;
				CLANG_WARN_UNREACHABLE_CODE = YES;
				CLANG_WARN__DUPLICATE_METHOD_MATCH = YES;
				COPY_PHASE_STRIP = NO;
				DEBUG_INFORMATION_FORMAT = "dwarf-with-dsym";
				ENABLE_NS_ASSERTIONS = NO;
				ENABLE_STRICT_OBJC_MSGSEND = YES;
				GCC_C_LANGUAGE_STANDARD = gnu11;
				GCC_NO_COMMON_BLOCKS = YES;
				GCC_WARN_64_TO_32_BIT_CONVERSION = YES;
				GCC_WARN_ABOUT_RETURN_TYPE = YES_ERROR;
				GCC_WARN_UNDECLARED_SELECTOR = YES;
				GCC_WARN_UNINITIALIZED_AUTOS = YES_AGGRESSIVE;
				GCC_WARN_UNUSED_FUNCTION = YES;
				GCC_WARN_UNUSED_VARIABLE = YES;
				IPHONEOS_DEPLOYMENT_TARGET = 13.2;
				MTL_ENABLE_DEBUG_INFO = NO;
				MTL_FAST_MATH = YES;
				SDKROOT = iphoneos;
				SWIFT_COMPILATION_MODE = wholemodule;
				SWIFT_OPTIMIZATION_LEVEL = "-O";
				VALIDATE_PRODUCT = YES;
			};
			name = Release;
		};
		84429D842463356C00E5BA3A /* Debug */ = {
			isa = XCBuildConfiguration;
			buildSettings = {
				ASSETCATALOG_COMPILER_APPICON_NAME = AppIcon;
				CODE_SIGN_STYLE = Automatic;
				DEVELOPMENT_TEAM = CW28LSGW5K;
				INFOPLIST_FILE = stackFoodGame/Info.plist;
				LD_RUNPATH_SEARCH_PATHS = (
					"$(inherited)",
					"@executable_path/Frameworks",
				);
				PRODUCT_BUNDLE_IDENTIFIER = ds12020.stackFoodGame;
				PRODUCT_NAME = "$(TARGET_NAME)";
				SWIFT_VERSION = 5.0;
				TARGETED_DEVICE_FAMILY = "1,2";
			};
			name = Debug;
		};
		84429D852463356C00E5BA3A /* Release */ = {
			isa = XCBuildConfiguration;
			buildSettings = {
				ASSETCATALOG_COMPILER_APPICON_NAME = AppIcon;
				CODE_SIGN_STYLE = Automatic;
				DEVELOPMENT_TEAM = CW28LSGW5K;
				INFOPLIST_FILE = stackFoodGame/Info.plist;
				LD_RUNPATH_SEARCH_PATHS = (
					"$(inherited)",
					"@executable_path/Frameworks",
				);
				PRODUCT_BUNDLE_IDENTIFIER = ds12020.stackFoodGame;
				PRODUCT_NAME = "$(TARGET_NAME)";
				SWIFT_VERSION = 5.0;
				TARGETED_DEVICE_FAMILY = "1,2";
			};
			name = Release;
		};
/* End XCBuildConfiguration section */

/* Begin XCConfigurationList section */
		84429D672463356900E5BA3A /* Build configuration list for PBXProject "stackFoodGame" */ = {
			isa = XCConfigurationList;
			buildConfigurations = (
				84429D812463356C00E5BA3A /* Debug */,
				84429D822463356C00E5BA3A /* Release */,
			);
			defaultConfigurationIsVisible = 0;
			defaultConfigurationName = Release;
		};
		84429D832463356C00E5BA3A /* Build configuration list for PBXNativeTarget "stackFoodGame" */ = {
			isa = XCConfigurationList;
			buildConfigurations = (
				84429D842463356C00E5BA3A /* Debug */,
				84429D852463356C00E5BA3A /* Release */,
			);
			defaultConfigurationIsVisible = 0;
			defaultConfigurationName = Release;
		};
/* End XCConfigurationList section */

/* Begin XCVersionGroup section */
		84429D782463356900E5BA3A /* stackFoodGame.xcdatamodeld */ = {
			isa = XCVersionGroup;
			children = (
				84429D792463356900E5BA3A /* stackFoodGame.xcdatamodel */,
			);
			currentVersion = 84429D792463356900E5BA3A /* stackFoodGame.xcdatamodel */;
			path = stackFoodGame.xcdatamodeld;
			sourceTree = "<group>";
			versionGroupType = wrapper.xcdatamodel;
		};
/* End XCVersionGroup section */
	};
	rootObject = 84429D642463356900E5BA3A /* Project object */;
}
