// !$*UTF8*$!
{
	archiveVersion = 1;
	classes = {
	};
	objectVersion = 50;
	objects = {

/* Begin PBXBuildFile section */
		521B7A4B2475A06900C9BFF3 /* ImageVar+CoreDataClass.swift in Sources */ = {isa = PBXBuildFile; fileRef = 521B7A3D2475A06900C9BFF3 /* ImageVar+CoreDataClass.swift */; };
		521B7A4C2475A06900C9BFF3 /* ImageVar+CoreDataProperties.swift in Sources */ = {isa = PBXBuildFile; fileRef = 521B7A3E2475A06900C9BFF3 /* ImageVar+CoreDataProperties.swift */; };
		521B7A4D2475A06900C9BFF3 /* Location+CoreDataClass.swift in Sources */ = {isa = PBXBuildFile; fileRef = 521B7A3F2475A06900C9BFF3 /* Location+CoreDataClass.swift */; };
		521B7A4E2475A06900C9BFF3 /* Location+CoreDataProperties.swift in Sources */ = {isa = PBXBuildFile; fileRef = 521B7A402475A06900C9BFF3 /* Location+CoreDataProperties.swift */; };
		521B7A4F2475A06900C9BFF3 /* Avatar+CoreDataClass.swift in Sources */ = {isa = PBXBuildFile; fileRef = 521B7A412475A06900C9BFF3 /* Avatar+CoreDataClass.swift */; };
		521B7A502475A06900C9BFF3 /* Avatar+CoreDataProperties.swift in Sources */ = {isa = PBXBuildFile; fileRef = 521B7A422475A06900C9BFF3 /* Avatar+CoreDataProperties.swift */; };
		521B7A512475A06900C9BFF3 /* Player+CoreDataClass.swift in Sources */ = {isa = PBXBuildFile; fileRef = 521B7A432475A06900C9BFF3 /* Player+CoreDataClass.swift */; };
		521B7A522475A06900C9BFF3 /* Player+CoreDataProperties.swift in Sources */ = {isa = PBXBuildFile; fileRef = 521B7A442475A06900C9BFF3 /* Player+CoreDataProperties.swift */; };
		521B7A532475A06900C9BFF3 /* Food+CoreDataClass.swift in Sources */ = {isa = PBXBuildFile; fileRef = 521B7A452475A06900C9BFF3 /* Food+CoreDataClass.swift */; };
		521B7A542475A06900C9BFF3 /* Food+CoreDataProperties.swift in Sources */ = {isa = PBXBuildFile; fileRef = 521B7A462475A06900C9BFF3 /* Food+CoreDataProperties.swift */; };
		521B7A552475A06900C9BFF3 /* GameHistory+CoreDataClass.swift in Sources */ = {isa = PBXBuildFile; fileRef = 521B7A472475A06900C9BFF3 /* GameHistory+CoreDataClass.swift */; };
		521B7A562475A06900C9BFF3 /* GameHistory+CoreDataProperties.swift in Sources */ = {isa = PBXBuildFile; fileRef = 521B7A482475A06900C9BFF3 /* GameHistory+CoreDataProperties.swift */; };
		521B7A572475A06900C9BFF3 /* Powerup+CoreDataClass.swift in Sources */ = {isa = PBXBuildFile; fileRef = 521B7A492475A06900C9BFF3 /* Powerup+CoreDataClass.swift */; };
		521B7A582475A06900C9BFF3 /* Powerup+CoreDataProperties.swift in Sources */ = {isa = PBXBuildFile; fileRef = 521B7A4A2475A06900C9BFF3 /* Powerup+CoreDataProperties.swift */; };
		524E6F4B246CC4B800032017 /* PerksController.swift in Sources */ = {isa = PBXBuildFile; fileRef = 524E6F4A246CC4B800032017 /* PerksController.swift */; };
		524E6F4D246CC4FD00032017 /* Perks.storyboard in Resources */ = {isa = PBXBuildFile; fileRef = 524E6F4C246CC4FD00032017 /* Perks.storyboard */; };
		5259AF29247C819E0051CE2B /* xpCoin.jpeg in Resources */ = {isa = PBXBuildFile; fileRef = 5259AF28247C819E0051CE2B /* xpCoin.jpeg */; };
		5259AF2B247C81D10051CE2B /* goldCoin.jpeg in Resources */ = {isa = PBXBuildFile; fileRef = 5259AF2A247C81D10051CE2B /* goldCoin.jpeg */; };
		52D5898D247375A400C8E12D /* chef.jpg in Resources */ = {isa = PBXBuildFile; fileRef = 52D5898C247375A400C8E12D /* chef.jpg */; };
		52D58991247375CE00C8E12D /* gold.png in Resources */ = {isa = PBXBuildFile; fileRef = 52D58990247375CE00C8E12D /* gold.png */; };
		52D58995247375F700C8E12D /* magnet.png in Resources */ = {isa = PBXBuildFile; fileRef = 52D58994247375F700C8E12D /* magnet.png */; };
		52D589992473760C00C8E12D /* secret.jpg in Resources */ = {isa = PBXBuildFile; fileRef = 52D589962473760C00C8E12D /* secret.jpg */; };
		52D5899A2473760C00C8E12D /* snail.png in Resources */ = {isa = PBXBuildFile; fileRef = 52D589972473760C00C8E12D /* snail.png */; };
		52D5899B2473760C00C8E12D /* tips.jpeg in Resources */ = {isa = PBXBuildFile; fileRef = 52D589982473760C00C8E12D /* tips.jpeg */; };
		84429D702463356900E5BA3A /* AppDelegate.swift in Sources */ = {isa = PBXBuildFile; fileRef = 84429D6F2463356900E5BA3A /* AppDelegate.swift */; };
		84429D722463356900E5BA3A /* SceneDelegate.swift in Sources */ = {isa = PBXBuildFile; fileRef = 84429D712463356900E5BA3A /* SceneDelegate.swift */; };
		84429D742463356900E5BA3A /* ViewController.swift in Sources */ = {isa = PBXBuildFile; fileRef = 84429D732463356900E5BA3A /* ViewController.swift */; };
		84429D772463356900E5BA3A /* Main.storyboard in Resources */ = {isa = PBXBuildFile; fileRef = 84429D752463356900E5BA3A /* Main.storyboard */; };
		84429D7A2463356900E5BA3A /* stackFoodGame.xcdatamodeld in Sources */ = {isa = PBXBuildFile; fileRef = 84429D782463356900E5BA3A /* stackFoodGame.xcdatamodeld */; };
		84429D7C2463356C00E5BA3A /* Assets.xcassets in Resources */ = {isa = PBXBuildFile; fileRef = 84429D7B2463356C00E5BA3A /* Assets.xcassets */; };
		84429D7F2463356C00E5BA3A /* LaunchScreen.storyboard in Resources */ = {isa = PBXBuildFile; fileRef = 84429D7D2463356C00E5BA3A /* LaunchScreen.storyboard */; };
		84489FB6246E0D8300621433 /* playGameDictionaries.swift in Sources */ = {isa = PBXBuildFile; fileRef = 84489FB5246E0D8300621433 /* playGameDictionaries.swift */; };
		8467586C247794190030092B /* GameHistoryTableViewController.swift in Sources */ = {isa = PBXBuildFile; fileRef = 8467586B247794190030092B /* GameHistoryTableViewController.swift */; };
		8467586E24779F2F0030092B /* GameHistoryDetailController.swift in Sources */ = {isa = PBXBuildFile; fileRef = 8467586D24779F2F0030092B /* GameHistoryDetailController.swift */; };
		8489167224633D2C00ACB75A /* playGame.storyboard in Resources */ = {isa = PBXBuildFile; fileRef = 8489167024633D2C00ACB75A /* playGame.storyboard */; };
		8489167424633F0D00ACB75A /* PlayGameController.swift in Sources */ = {isa = PBXBuildFile; fileRef = 8489167324633F0D00ACB75A /* PlayGameController.swift */; };
		8489167924637B7500ACB75A /* stats.storyboard in Resources */ = {isa = PBXBuildFile; fileRef = 8489167724637B7500ACB75A /* stats.storyboard */; };
		8489167C24637B8100ACB75A /* store.storyboard in Resources */ = {isa = PBXBuildFile; fileRef = 8489167A24637B8100ACB75A /* store.storyboard */; };
		8489167F24637BC300ACB75A /* orderAssignment.storyboard in Resources */ = {isa = PBXBuildFile; fileRef = 8489167D24637BC300ACB75A /* orderAssignment.storyboard */; };
		8489168424637BED00ACB75A /* orderComplete.storyboard in Resources */ = {isa = PBXBuildFile; fileRef = 8489168224637BED00ACB75A /* orderComplete.storyboard */; };
		8489168624637CFF00ACB75A /* statsController.swift in Sources */ = {isa = PBXBuildFile; fileRef = 8489168524637CFF00ACB75A /* statsController.swift */; };
		8489168824637D1100ACB75A /* StoreController.swift in Sources */ = {isa = PBXBuildFile; fileRef = 8489168724637D1100ACB75A /* StoreController.swift */; };
		8489168A24637D2400ACB75A /* OrderAssignmentController.swift in Sources */ = {isa = PBXBuildFile; fileRef = 8489168924637D2400ACB75A /* OrderAssignmentController.swift */; };
		8489168C24637D3B00ACB75A /* OrderCompleteController.swift in Sources */ = {isa = PBXBuildFile; fileRef = 8489168B24637D3B00ACB75A /* OrderCompleteController.swift */; };
		84906357246A0EA600485A99 /* ingredient.swift in Sources */ = {isa = PBXBuildFile; fileRef = 84906356246A0EA600485A99 /* ingredient.swift */; };
		84C4D3D1247645F700AABDD6 /* GameHistoryTableViewCell.swift in Sources */ = {isa = PBXBuildFile; fileRef = 84C4D3D0247645F700AABDD6 /* GameHistoryTableViewCell.swift */; };
		D807178B2478DAB8006AABC9 /* persistanceService.swift in Sources */ = {isa = PBXBuildFile; fileRef = D807178A2478DAB8006AABC9 /* persistanceService.swift */; };
		D807178E2478ED8E006AABC9 /* CoreDataManager.swift in Sources */ = {isa = PBXBuildFile; fileRef = D807178D2478ED8E006AABC9 /* CoreDataManager.swift */; };
		D8071790247CA315006AABC9 /* orderCompleteHelper.swift in Sources */ = {isa = PBXBuildFile; fileRef = D807178F247CA315006AABC9 /* orderCompleteHelper.swift */; };
		D85D0149246F70ED00B129B7 /* order.swift in Sources */ = {isa = PBXBuildFile; fileRef = D85D0148246F70ED00B129B7 /* order.swift */; };
		DAB26BBA2464CD530052BE46 /* PlayerCustomization.storyboard in Resources */ = {isa = PBXBuildFile; fileRef = DAB26BB92464CD530052BE46 /* PlayerCustomization.storyboard */; };
		DAB26BBE2464CDA90052BE46 /* PlayerCustomizationController.swift in Sources */ = {isa = PBXBuildFile; fileRef = DAB26BBD2464CDA90052BE46 /* PlayerCustomizationController.swift */; };
/* End PBXBuildFile section */

/* Begin PBXFileReference section */
		521B7A3D2475A06900C9BFF3 /* ImageVar+CoreDataClass.swift */ = {isa = PBXFileReference; lastKnownFileType = sourcecode.swift; path = "ImageVar+CoreDataClass.swift"; sourceTree = "<group>"; };
		521B7A3E2475A06900C9BFF3 /* ImageVar+CoreDataProperties.swift */ = {isa = PBXFileReference; lastKnownFileType = sourcecode.swift; path = "ImageVar+CoreDataProperties.swift"; sourceTree = "<group>"; };
		521B7A3F2475A06900C9BFF3 /* Location+CoreDataClass.swift */ = {isa = PBXFileReference; lastKnownFileType = sourcecode.swift; path = "Location+CoreDataClass.swift"; sourceTree = "<group>"; };
		521B7A402475A06900C9BFF3 /* Location+CoreDataProperties.swift */ = {isa = PBXFileReference; lastKnownFileType = sourcecode.swift; path = "Location+CoreDataProperties.swift"; sourceTree = "<group>"; };
		521B7A412475A06900C9BFF3 /* Avatar+CoreDataClass.swift */ = {isa = PBXFileReference; lastKnownFileType = sourcecode.swift; path = "Avatar+CoreDataClass.swift"; sourceTree = "<group>"; };
		521B7A422475A06900C9BFF3 /* Avatar+CoreDataProperties.swift */ = {isa = PBXFileReference; lastKnownFileType = sourcecode.swift; path = "Avatar+CoreDataProperties.swift"; sourceTree = "<group>"; };
		521B7A432475A06900C9BFF3 /* Player+CoreDataClass.swift */ = {isa = PBXFileReference; lastKnownFileType = sourcecode.swift; path = "Player+CoreDataClass.swift"; sourceTree = "<group>"; };
		521B7A442475A06900C9BFF3 /* Player+CoreDataProperties.swift */ = {isa = PBXFileReference; lastKnownFileType = sourcecode.swift; path = "Player+CoreDataProperties.swift"; sourceTree = "<group>"; };
		521B7A452475A06900C9BFF3 /* Food+CoreDataClass.swift */ = {isa = PBXFileReference; lastKnownFileType = sourcecode.swift; path = "Food+CoreDataClass.swift"; sourceTree = "<group>"; };
		521B7A462475A06900C9BFF3 /* Food+CoreDataProperties.swift */ = {isa = PBXFileReference; lastKnownFileType = sourcecode.swift; path = "Food+CoreDataProperties.swift"; sourceTree = "<group>"; };
		521B7A472475A06900C9BFF3 /* GameHistory+CoreDataClass.swift */ = {isa = PBXFileReference; lastKnownFileType = sourcecode.swift; path = "GameHistory+CoreDataClass.swift"; sourceTree = "<group>"; };
		521B7A482475A06900C9BFF3 /* GameHistory+CoreDataProperties.swift */ = {isa = PBXFileReference; lastKnownFileType = sourcecode.swift; path = "GameHistory+CoreDataProperties.swift"; sourceTree = "<group>"; };
		521B7A492475A06900C9BFF3 /* Powerup+CoreDataClass.swift */ = {isa = PBXFileReference; lastKnownFileType = sourcecode.swift; path = "Powerup+CoreDataClass.swift"; sourceTree = "<group>"; };
		521B7A4A2475A06900C9BFF3 /* Powerup+CoreDataProperties.swift */ = {isa = PBXFileReference; lastKnownFileType = sourcecode.swift; path = "Powerup+CoreDataProperties.swift"; sourceTree = "<group>"; };
		524E6F4A246CC4B800032017 /* PerksController.swift */ = {isa = PBXFileReference; fileEncoding = 4; lastKnownFileType = sourcecode.swift; path = PerksController.swift; sourceTree = "<group>"; };
		524E6F4C246CC4FD00032017 /* Perks.storyboard */ = {isa = PBXFileReference; fileEncoding = 4; lastKnownFileType = file.storyboard; path = Perks.storyboard; sourceTree = "<group>"; };
		5259AF28247C819E0051CE2B /* xpCoin.jpeg */ = {isa = PBXFileReference; lastKnownFileType = image.jpeg; path = xpCoin.jpeg; sourceTree = "<group>"; };
		5259AF2A247C81D10051CE2B /* goldCoin.jpeg */ = {isa = PBXFileReference; lastKnownFileType = image.jpeg; path = goldCoin.jpeg; sourceTree = "<group>"; };
		52D5898C247375A400C8E12D /* chef.jpg */ = {isa = PBXFileReference; lastKnownFileType = image.jpeg; path = chef.jpg; sourceTree = "<group>"; };
		52D58990247375CE00C8E12D /* gold.png */ = {isa = PBXFileReference; lastKnownFileType = image.png; path = gold.png; sourceTree = "<group>"; };
		52D58994247375F700C8E12D /* magnet.png */ = {isa = PBXFileReference; lastKnownFileType = image.png; path = magnet.png; sourceTree = "<group>"; };
		52D589962473760C00C8E12D /* secret.jpg */ = {isa = PBXFileReference; lastKnownFileType = image.jpeg; path = secret.jpg; sourceTree = "<group>"; };
		52D589972473760C00C8E12D /* snail.png */ = {isa = PBXFileReference; lastKnownFileType = image.png; path = snail.png; sourceTree = "<group>"; };
		52D589982473760C00C8E12D /* tips.jpeg */ = {isa = PBXFileReference; lastKnownFileType = image.jpeg; path = tips.jpeg; sourceTree = "<group>"; };
		84429D6C2463356900E5BA3A /* stackFoodGame.app */ = {isa = PBXFileReference; explicitFileType = wrapper.application; includeInIndex = 0; path = stackFoodGame.app; sourceTree = BUILT_PRODUCTS_DIR; };
		84429D6F2463356900E5BA3A /* AppDelegate.swift */ = {isa = PBXFileReference; lastKnownFileType = sourcecode.swift; path = AppDelegate.swift; sourceTree = "<group>"; };
		84429D712463356900E5BA3A /* SceneDelegate.swift */ = {isa = PBXFileReference; lastKnownFileType = sourcecode.swift; path = SceneDelegate.swift; sourceTree = "<group>"; };
		84429D732463356900E5BA3A /* ViewController.swift */ = {isa = PBXFileReference; lastKnownFileType = sourcecode.swift; path = ViewController.swift; sourceTree = "<group>"; };
		84429D762463356900E5BA3A /* Base */ = {isa = PBXFileReference; lastKnownFileType = file.storyboard; name = Base; path = Base.lproj/Main.storyboard; sourceTree = "<group>"; };
		84429D792463356900E5BA3A /* stackFoodGame.xcdatamodel */ = {isa = PBXFileReference; lastKnownFileType = wrapper.xcdatamodel; path = stackFoodGame.xcdatamodel; sourceTree = "<group>"; };
		84429D7B2463356C00E5BA3A /* Assets.xcassets */ = {isa = PBXFileReference; lastKnownFileType = folder.assetcatalog; path = Assets.xcassets; sourceTree = "<group>"; };
		84429D7E2463356C00E5BA3A /* Base */ = {isa = PBXFileReference; lastKnownFileType = file.storyboard; name = Base; path = Base.lproj/LaunchScreen.storyboard; sourceTree = "<group>"; };
		84429D802463356C00E5BA3A /* Info.plist */ = {isa = PBXFileReference; lastKnownFileType = text.plist.xml; path = Info.plist; sourceTree = "<group>"; };
		84489FB5246E0D8300621433 /* playGameDictionaries.swift */ = {isa = PBXFileReference; lastKnownFileType = sourcecode.swift; path = playGameDictionaries.swift; sourceTree = "<group>"; };
		8467586B247794190030092B /* GameHistoryTableViewController.swift */ = {isa = PBXFileReference; lastKnownFileType = sourcecode.swift; path = GameHistoryTableViewController.swift; sourceTree = "<group>"; };
		8467586D24779F2F0030092B /* GameHistoryDetailController.swift */ = {isa = PBXFileReference; lastKnownFileType = sourcecode.swift; path = GameHistoryDetailController.swift; sourceTree = "<group>"; };
		8489167124633D2C00ACB75A /* Base */ = {isa = PBXFileReference; lastKnownFileType = file.storyboard; name = Base; path = Base.lproj/playGame.storyboard; sourceTree = "<group>"; };
		8489167324633F0D00ACB75A /* PlayGameController.swift */ = {isa = PBXFileReference; lastKnownFileType = sourcecode.swift; path = PlayGameController.swift; sourceTree = "<group>"; };
		8489167824637B7500ACB75A /* Base */ = {isa = PBXFileReference; lastKnownFileType = file.storyboard; name = Base; path = Base.lproj/stats.storyboard; sourceTree = "<group>"; };
		8489167B24637B8100ACB75A /* Base */ = {isa = PBXFileReference; lastKnownFileType = file.storyboard; name = Base; path = Base.lproj/store.storyboard; sourceTree = "<group>"; };
		8489167E24637BC300ACB75A /* Base */ = {isa = PBXFileReference; lastKnownFileType = file.storyboard; name = Base; path = Base.lproj/orderAssignment.storyboard; sourceTree = "<group>"; };
		8489168324637BED00ACB75A /* Base */ = {isa = PBXFileReference; lastKnownFileType = file.storyboard; name = Base; path = Base.lproj/orderComplete.storyboard; sourceTree = "<group>"; };
		8489168524637CFF00ACB75A /* statsController.swift */ = {isa = PBXFileReference; lastKnownFileType = sourcecode.swift; path = statsController.swift; sourceTree = "<group>"; };
		8489168724637D1100ACB75A /* StoreController.swift */ = {isa = PBXFileReference; lastKnownFileType = sourcecode.swift; path = StoreController.swift; sourceTree = "<group>"; };
		8489168924637D2400ACB75A /* OrderAssignmentController.swift */ = {isa = PBXFileReference; lastKnownFileType = sourcecode.swift; path = OrderAssignmentController.swift; sourceTree = "<group>"; };
		8489168B24637D3B00ACB75A /* OrderCompleteController.swift */ = {isa = PBXFileReference; lastKnownFileType = sourcecode.swift; path = OrderCompleteController.swift; sourceTree = "<group>"; };
		84906356246A0EA600485A99 /* ingredient.swift */ = {isa = PBXFileReference; lastKnownFileType = sourcecode.swift; path = ingredient.swift; sourceTree = "<group>"; };
		84C4D3D0247645F700AABDD6 /* GameHistoryTableViewCell.swift */ = {isa = PBXFileReference; lastKnownFileType = sourcecode.swift; path = GameHistoryTableViewCell.swift; sourceTree = "<group>"; };
		D807178A2478DAB8006AABC9 /* persistanceService.swift */ = {isa = PBXFileReference; lastKnownFileType = sourcecode.swift; path = persistanceService.swift; sourceTree = "<group>"; };
		D807178D2478ED8E006AABC9 /* CoreDataManager.swift */ = {isa = PBXFileReference; lastKnownFileType = sourcecode.swift; path = CoreDataManager.swift; sourceTree = "<group>"; };
		D807178F247CA315006AABC9 /* orderCompleteHelper.swift */ = {isa = PBXFileReference; lastKnownFileType = sourcecode.swift; path = orderCompleteHelper.swift; sourceTree = "<group>"; };
		D85D0148246F70ED00B129B7 /* order.swift */ = {isa = PBXFileReference; lastKnownFileType = sourcecode.swift; path = order.swift; sourceTree = "<group>"; };
		DAB26BB92464CD530052BE46 /* PlayerCustomization.storyboard */ = {isa = PBXFileReference; lastKnownFileType = file.storyboard; path = PlayerCustomization.storyboard; sourceTree = "<group>"; };
		DAB26BBD2464CDA90052BE46 /* PlayerCustomizationController.swift */ = {isa = PBXFileReference; fileEncoding = 4; lastKnownFileType = sourcecode.swift; path = PlayerCustomizationController.swift; sourceTree = "<group>"; };
/* End PBXFileReference section */

/* Begin PBXFrameworksBuildPhase section */
		84429D692463356900E5BA3A /* Frameworks */ = {
			isa = PBXFrameworksBuildPhase;
			buildActionMask = 2147483647;
			files = (
			);
			runOnlyForDeploymentPostprocessing = 0;
		};
/* End PBXFrameworksBuildPhase section */

/* Begin PBXGroup section */
		52CE75C3247598DC008F7BFC /* Entity Subclasses */ = {
			isa = PBXGroup;
			children = (
				521B7A3D2475A06900C9BFF3 /* ImageVar+CoreDataClass.swift */,
				521B7A3E2475A06900C9BFF3 /* ImageVar+CoreDataProperties.swift */,
				D807178A2478DAB8006AABC9 /* persistanceService.swift */,
				521B7A3F2475A06900C9BFF3 /* Location+CoreDataClass.swift */,
				521B7A402475A06900C9BFF3 /* Location+CoreDataProperties.swift */,
				521B7A412475A06900C9BFF3 /* Avatar+CoreDataClass.swift */,
				521B7A422475A06900C9BFF3 /* Avatar+CoreDataProperties.swift */,
				521B7A432475A06900C9BFF3 /* Player+CoreDataClass.swift */,
				521B7A442475A06900C9BFF3 /* Player+CoreDataProperties.swift */,
				521B7A452475A06900C9BFF3 /* Food+CoreDataClass.swift */,
				521B7A462475A06900C9BFF3 /* Food+CoreDataProperties.swift */,
				521B7A472475A06900C9BFF3 /* GameHistory+CoreDataClass.swift */,
				521B7A482475A06900C9BFF3 /* GameHistory+CoreDataProperties.swift */,
				521B7A492475A06900C9BFF3 /* Powerup+CoreDataClass.swift */,
				521B7A4A2475A06900C9BFF3 /* Powerup+CoreDataProperties.swift */,
			);
			path = "Entity Subclasses";
			sourceTree = "<group>";
		};
		52D5898B2473758200C8E12D /* Images */ = {
			isa = PBXGroup;
			children = (
				5259AF2A247C81D10051CE2B /* goldCoin.jpeg */,
				5259AF28247C819E0051CE2B /* xpCoin.jpeg */,
				52D589962473760C00C8E12D /* secret.jpg */,
				52D589972473760C00C8E12D /* snail.png */,
				52D589982473760C00C8E12D /* tips.jpeg */,
				52D58994247375F700C8E12D /* magnet.png */,
				52D58990247375CE00C8E12D /* gold.png */,
				52D5898C247375A400C8E12D /* chef.jpg */,
			);
			path = Images;
			sourceTree = "<group>";
		};
		84429D632463356900E5BA3A = {
			isa = PBXGroup;
			children = (
				84429D6E2463356900E5BA3A /* stackFoodGame */,
				84429D6D2463356900E5BA3A /* Products */,
			);
			sourceTree = "<group>";
		};
		84429D6D2463356900E5BA3A /* Products */ = {
			isa = PBXGroup;
			children = (
				84429D6C2463356900E5BA3A /* stackFoodGame.app */,
			);
			name = Products;
			sourceTree = "<group>";
		};
		84429D6E2463356900E5BA3A /* stackFoodGame */ = {
			isa = PBXGroup;
			children = (
				D807178C2478ED58006AABC9 /* Managers */,
				8489166C24633CAF00ACB75A /* Model */,
				8489166D24633CB900ACB75A /* Views */,
				8489166E24633CC100ACB75A /* View Controllers */,
				52D5898B2473758200C8E12D /* Images */,
				52CE75C3247598DC008F7BFC /* Entity Subclasses */,
				84906355246A0DFF00485A99 /* Custom Classes */,
				84489FB4246E0D1C00621433 /* Control */,
				8489166F24633CDE00ACB75A /* Data */,
				84429D7B2463356C00E5BA3A /* Assets.xcassets */,
				84429D802463356C00E5BA3A /* Info.plist */,
			);
			path = stackFoodGame;
			sourceTree = "<group>";
		};
		84489FB4246E0D1C00621433 /* Control */ = {
			isa = PBXGroup;
			children = (
				84489FB5246E0D8300621433 /* playGameDictionaries.swift */,
			);
			path = Control;
			sourceTree = "<group>";
		};
		8489166C24633CAF00ACB75A /* Model */ = {
			isa = PBXGroup;
			children = (
				84429D6F2463356900E5BA3A /* AppDelegate.swift */,
				84429D712463356900E5BA3A /* SceneDelegate.swift */,
			);
			path = Model;
			sourceTree = "<group>";
		};
		8489166D24633CB900ACB75A /* Views */ = {
			isa = PBXGroup;
			children = (
				84429D7D2463356C00E5BA3A /* LaunchScreen.storyboard */,
				84429D752463356900E5BA3A /* Main.storyboard */,
				8489167724637B7500ACB75A /* stats.storyboard */,
				8489167A24637B8100ACB75A /* store.storyboard */,
				8489167D24637BC300ACB75A /* orderAssignment.storyboard */,
				8489167024633D2C00ACB75A /* playGame.storyboard */,
				8489168224637BED00ACB75A /* orderComplete.storyboard */,
				524E6F4C246CC4FD00032017 /* Perks.storyboard */,
				DAB26BB92464CD530052BE46 /* PlayerCustomization.storyboard */,
			);
			path = Views;
			sourceTree = "<group>";
		};
		8489166E24633CC100ACB75A /* View Controllers */ = {
			isa = PBXGroup;
			children = (
				84429D732463356900E5BA3A /* ViewController.swift */,
				DAB26BBD2464CDA90052BE46 /* PlayerCustomizationController.swift */,
				8489167324633F0D00ACB75A /* PlayGameController.swift */,
				524E6F4A246CC4B800032017 /* PerksController.swift */,
				8489168524637CFF00ACB75A /* statsController.swift */,
				8467586B247794190030092B /* GameHistoryTableViewController.swift */,
				8467586D24779F2F0030092B /* GameHistoryDetailController.swift */,
				84C4D3D0247645F700AABDD6 /* GameHistoryTableViewCell.swift */,
				8489168724637D1100ACB75A /* StoreController.swift */,
				8489168924637D2400ACB75A /* OrderAssignmentController.swift */,
				8489168B24637D3B00ACB75A /* OrderCompleteController.swift */,
				D807178F247CA315006AABC9 /* orderCompleteHelper.swift */,
			);
			path = "View Controllers";
			sourceTree = "<group>";
		};
		8489166F24633CDE00ACB75A /* Data */ = {
			isa = PBXGroup;
			children = (
				84429D782463356900E5BA3A /* stackFoodGame.xcdatamodeld */,
			);
			path = Data;
			sourceTree = "<group>";
		};
		84906355246A0DFF00485A99 /* Custom Classes */ = {
			isa = PBXGroup;
			children = (
				84906356246A0EA600485A99 /* ingredient.swift */,
				D85D0148246F70ED00B129B7 /* order.swift */,
			);
			path = "Custom Classes";
			sourceTree = "<group>";
		};
		D807178C2478ED58006AABC9 /* Managers */ = {
			isa = PBXGroup;
			children = (
				D807178D2478ED8E006AABC9 /* CoreDataManager.swift */,
			);
			path = Managers;
			sourceTree = "<group>";
		};
/* End PBXGroup section */

/* Begin PBXNativeTarget section */
		84429D6B2463356900E5BA3A /* stackFoodGame */ = {
			isa = PBXNativeTarget;
			buildConfigurationList = 84429D832463356C00E5BA3A /* Build configuration list for PBXNativeTarget "stackFoodGame" */;
			buildPhases = (
				84429D682463356900E5BA3A /* Sources */,
				84429D692463356900E5BA3A /* Frameworks */,
				84429D6A2463356900E5BA3A /* Resources */,
			);
			buildRules = (
			);
			dependencies = (
			);
			name = stackFoodGame;
			productName = stackFoodGame;
			productReference = 84429D6C2463356900E5BA3A /* stackFoodGame.app */;
			productType = "com.apple.product-type.application";
		};
/* End PBXNativeTarget section */

/* Begin PBXProject section */
		84429D642463356900E5BA3A /* Project object */ = {
			isa = PBXProject;
			attributes = {
				LastSwiftUpdateCheck = 1130;
				LastUpgradeCheck = 1130;
				ORGANIZATIONNAME = "Michael Hayes";
				TargetAttributes = {
					84429D6B2463356900E5BA3A = {
						CreatedOnToolsVersion = 11.3.1;
					};
				};
			};
			buildConfigurationList = 84429D672463356900E5BA3A /* Build configuration list for PBXProject "stackFoodGame" */;
			compatibilityVersion = "Xcode 9.3";
			developmentRegion = en;
			hasScannedForEncodings = 0;
			knownRegions = (
				en,
				Base,
			);
			mainGroup = 84429D632463356900E5BA3A;
			productRefGroup = 84429D6D2463356900E5BA3A /* Products */;
			projectDirPath = "";
			projectRoot = "";
			targets = (
				84429D6B2463356900E5BA3A /* stackFoodGame */,
			);
		};
/* End PBXProject section */

/* Begin PBXResourcesBuildPhase section */
		84429D6A2463356900E5BA3A /* Resources */ = {
			isa = PBXResourcesBuildPhase;
			buildActionMask = 2147483647;
			files = (
				5259AF2B247C81D10051CE2B /* goldCoin.jpeg in Resources */,
				52D5899B2473760C00C8E12D /* tips.jpeg in Resources */,
				5259AF29247C819E0051CE2B /* xpCoin.jpeg in Resources */,
				84429D7F2463356C00E5BA3A /* LaunchScreen.storyboard in Resources */,
				84429D7C2463356C00E5BA3A /* Assets.xcassets in Resources */,
				52D5899A2473760C00C8E12D /* snail.png in Resources */,
				8489167F24637BC300ACB75A /* orderAssignment.storyboard in Resources */,
				52D589992473760C00C8E12D /* secret.jpg in Resources */,
				8489167C24637B8100ACB75A /* store.storyboard in Resources */,
				524E6F4D246CC4FD00032017 /* Perks.storyboard in Resources */,
				8489168424637BED00ACB75A /* orderComplete.storyboard in Resources */,
				52D5898D247375A400C8E12D /* chef.jpg in Resources */,
				8489167924637B7500ACB75A /* stats.storyboard in Resources */,
				8489167224633D2C00ACB75A /* playGame.storyboard in Resources */,
				DAB26BBA2464CD530052BE46 /* PlayerCustomization.storyboard in Resources */,
				84429D772463356900E5BA3A /* Main.storyboard in Resources */,
				52D58991247375CE00C8E12D /* gold.png in Resources */,
				52D58995247375F700C8E12D /* magnet.png in Resources */,
			);
			runOnlyForDeploymentPostprocessing = 0;
		};
/* End PBXResourcesBuildPhase section */

/* Begin PBXSourcesBuildPhase section */
		84429D682463356900E5BA3A /* Sources */ = {
			isa = PBXSourcesBuildPhase;
			buildActionMask = 2147483647;
			files = (
				521B7A502475A06900C9BFF3 /* Avatar+CoreDataProperties.swift in Sources */,
				8489167424633F0D00ACB75A /* PlayGameController.swift in Sources */,
				524E6F4B246CC4B800032017 /* PerksController.swift in Sources */,
				D8071790247CA315006AABC9 /* orderCompleteHelper.swift in Sources */,
				D85D0149246F70ED00B129B7 /* order.swift in Sources */,
				521B7A582475A06900C9BFF3 /* Powerup+CoreDataProperties.swift in Sources */,
				D807178B2478DAB8006AABC9 /* persistanceService.swift in Sources */,
				521B7A562475A06900C9BFF3 /* GameHistory+CoreDataProperties.swift in Sources */,
				8489168624637CFF00ACB75A /* statsController.swift in Sources */,
				521B7A4F2475A06900C9BFF3 /* Avatar+CoreDataClass.swift in Sources */,
				521B7A572475A06900C9BFF3 /* Powerup+CoreDataClass.swift in Sources */,
				8467586C247794190030092B /* GameHistoryTableViewController.swift in Sources */,
				521B7A532475A06900C9BFF3 /* Food+CoreDataClass.swift in Sources */,
				521B7A4D2475A06900C9BFF3 /* Location+CoreDataClass.swift in Sources */,
				84C4D3D1247645F700AABDD6 /* GameHistoryTableViewCell.swift in Sources */,
				84429D742463356900E5BA3A /* ViewController.swift in Sources */,
				8489168A24637D2400ACB75A /* OrderAssignmentController.swift in Sources */,
				84906357246A0EA600485A99 /* ingredient.swift in Sources */,
				521B7A542475A06900C9BFF3 /* Food+CoreDataProperties.swift in Sources */,
				84429D702463356900E5BA3A /* AppDelegate.swift in Sources */,
				84429D7A2463356900E5BA3A /* stackFoodGame.xcdatamodeld in Sources */,
				521B7A512475A06900C9BFF3 /* Player+CoreDataClass.swift in Sources */,
				D807178E2478ED8E006AABC9 /* CoreDataManager.swift in Sources */,
				8467586E24779F2F0030092B /* GameHistoryDetailController.swift in Sources */,
				521B7A4C2475A06900C9BFF3 /* ImageVar+CoreDataProperties.swift in Sources */,
				84429D722463356900E5BA3A /* SceneDelegate.swift in Sources */,
				521B7A552475A06900C9BFF3 /* GameHistory+CoreDataClass.swift in Sources */,
				84489FB6246E0D8300621433 /* playGameDictionaries.swift in Sources */,
				521B7A522475A06900C9BFF3 /* Player+CoreDataProperties.swift in Sources */,
				8489168824637D1100ACB75A /* StoreController.swift in Sources */,
				521B7A4E2475A06900C9BFF3 /* Location+CoreDataProperties.swift in Sources */,
				521B7A4B2475A06900C9BFF3 /* ImageVar+CoreDataClass.swift in Sources */,
				DAB26BBE2464CDA90052BE46 /* PlayerCustomizationController.swift in Sources */,
				8489168C24637D3B00ACB75A /* OrderCompleteController.swift in Sources */,
			);
			runOnlyForDeploymentPostprocessing = 0;
		};
/* End PBXSourcesBuildPhase section */

/* Begin PBXVariantGroup section */
		84429D752463356900E5BA3A /* Main.storyboard */ = {
			isa = PBXVariantGroup;
			children = (
				84429D762463356900E5BA3A /* Base */,
			);
			name = Main.storyboard;
			sourceTree = "<group>";
		};
		84429D7D2463356C00E5BA3A /* LaunchScreen.storyboard */ = {
			isa = PBXVariantGroup;
			children = (
				84429D7E2463356C00E5BA3A /* Base */,
			);
			name = LaunchScreen.storyboard;
			sourceTree = "<group>";
		};
		8489167024633D2C00ACB75A /* playGame.storyboard */ = {
			isa = PBXVariantGroup;
			children = (
				8489167124633D2C00ACB75A /* Base */,
			);
			name = playGame.storyboard;
			sourceTree = "<group>";
		};
		8489167724637B7500ACB75A /* stats.storyboard */ = {
			isa = PBXVariantGroup;
			children = (
				8489167824637B7500ACB75A /* Base */,
			);
			name = stats.storyboard;
			sourceTree = "<group>";
		};
		8489167A24637B8100ACB75A /* store.storyboard */ = {
			isa = PBXVariantGroup;
			children = (
				8489167B24637B8100ACB75A /* Base */,
			);
			name = store.storyboard;
			sourceTree = "<group>";
		};
		8489167D24637BC300ACB75A /* orderAssignment.storyboard */ = {
			isa = PBXVariantGroup;
			children = (
				8489167E24637BC300ACB75A /* Base */,
			);
			name = orderAssignment.storyboard;
			sourceTree = "<group>";
		};
		8489168224637BED00ACB75A /* orderComplete.storyboard */ = {
			isa = PBXVariantGroup;
			children = (
				8489168324637BED00ACB75A /* Base */,
			);
			name = orderComplete.storyboard;
			sourceTree = "<group>";
		};
/* End PBXVariantGroup section */

/* Begin XCBuildConfiguration section */
		84429D812463356C00E5BA3A /* Debug */ = {
			isa = XCBuildConfiguration;
			buildSettings = {
				ALWAYS_SEARCH_USER_PATHS = NO;
				CLANG_ANALYZER_NONNULL = YES;
				CLANG_ANALYZER_NUMBER_OBJECT_CONVERSION = YES_AGGRESSIVE;
				CLANG_CXX_LANGUAGE_STANDARD = "gnu++14";
				CLANG_CXX_LIBRARY = "libc++";
				CLANG_ENABLE_MODULES = YES;
				CLANG_ENABLE_OBJC_ARC = YES;
				CLANG_ENABLE_OBJC_WEAK = YES;
				CLANG_WARN_BLOCK_CAPTURE_AUTORELEASING = YES;
				CLANG_WARN_BOOL_CONVERSION = YES;
				CLANG_WARN_COMMA = YES;
				CLANG_WARN_CONSTANT_CONVERSION = YES;
				CLANG_WARN_DEPRECATED_OBJC_IMPLEMENTATIONS = YES;
				CLANG_WARN_DIRECT_OBJC_ISA_USAGE = YES_ERROR;
				CLANG_WARN_DOCUMENTATION_COMMENTS = YES;
				CLANG_WARN_EMPTY_BODY = YES;
				CLANG_WARN_ENUM_CONVERSION = YES;
				CLANG_WARN_INFINITE_RECURSION = YES;
				CLANG_WARN_INT_CONVERSION = YES;
				CLANG_WARN_NON_LITERAL_NULL_CONVERSION = YES;
				CLANG_WARN_OBJC_IMPLICIT_RETAIN_SELF = YES;
				CLANG_WARN_OBJC_LITERAL_CONVERSION = YES;
				CLANG_WARN_OBJC_ROOT_CLASS = YES_ERROR;
				CLANG_WARN_RANGE_LOOP_ANALYSIS = YES;
				CLANG_WARN_STRICT_PROTOTYPES = YES;
				CLANG_WARN_SUSPICIOUS_MOVE = YES;
				CLANG_WARN_UNGUARDED_AVAILABILITY = YES_AGGRESSIVE;
				CLANG_WARN_UNREACHABLE_CODE = YES;
				CLANG_WARN__DUPLICATE_METHOD_MATCH = YES;
				COPY_PHASE_STRIP = NO;
				DEBUG_INFORMATION_FORMAT = dwarf;
				ENABLE_STRICT_OBJC_MSGSEND = YES;
				ENABLE_TESTABILITY = YES;
				GCC_C_LANGUAGE_STANDARD = gnu11;
				GCC_DYNAMIC_NO_PIC = NO;
				GCC_NO_COMMON_BLOCKS = YES;
				GCC_OPTIMIZATION_LEVEL = 0;
				GCC_PREPROCESSOR_DEFINITIONS = (
					"DEBUG=1",
					"$(inherited)",
				);
				GCC_WARN_64_TO_32_BIT_CONVERSION = YES;
				GCC_WARN_ABOUT_RETURN_TYPE = YES_ERROR;
				GCC_WARN_UNDECLARED_SELECTOR = YES;
				GCC_WARN_UNINITIALIZED_AUTOS = YES_AGGRESSIVE;
				GCC_WARN_UNUSED_FUNCTION = YES;
				GCC_WARN_UNUSED_VARIABLE = YES;
				IPHONEOS_DEPLOYMENT_TARGET = 13.2;
				MTL_ENABLE_DEBUG_INFO = INCLUDE_SOURCE;
				MTL_FAST_MATH = YES;
				ONLY_ACTIVE_ARCH = YES;
				SDKROOT = iphoneos;
				SWIFT_ACTIVE_COMPILATION_CONDITIONS = DEBUG;
				SWIFT_OPTIMIZATION_LEVEL = "-Onone";
			};
			name = Debug;
		};
		84429D822463356C00E5BA3A /* Release */ = {
			isa = XCBuildConfiguration;
			buildSettings = {
				ALWAYS_SEARCH_USER_PATHS = NO;
				CLANG_ANALYZER_NONNULL = YES;
				CLANG_ANALYZER_NUMBER_OBJECT_CONVERSION = YES_AGGRESSIVE;
				CLANG_CXX_LANGUAGE_STANDARD = "gnu++14";
				CLANG_CXX_LIBRARY = "libc++";
				CLANG_ENABLE_MODULES = YES;
				CLANG_ENABLE_OBJC_ARC = YES;
				CLANG_ENABLE_OBJC_WEAK = YES;
				CLANG_WARN_BLOCK_CAPTURE_AUTORELEASING = YES;
				CLANG_WARN_BOOL_CONVERSION = YES;
				CLANG_WARN_COMMA = YES;
				CLANG_WARN_CONSTANT_CONVERSION = YES;
				CLANG_WARN_DEPRECATED_OBJC_IMPLEMENTATIONS = YES;
				CLANG_WARN_DIRECT_OBJC_ISA_USAGE = YES_ERROR;
				CLANG_WARN_DOCUMENTATION_COMMENTS = YES;
				CLANG_WARN_EMPTY_BODY = YES;
				CLANG_WARN_ENUM_CONVERSION = YES;
				CLANG_WARN_INFINITE_RECURSION = YES;
				CLANG_WARN_INT_CONVERSION = YES;
				CLANG_WARN_NON_LITERAL_NULL_CONVERSION = YES;
				CLANG_WARN_OBJC_IMPLICIT_RETAIN_SELF = YES;
				CLANG_WARN_OBJC_LITERAL_CONVERSION = YES;
				CLANG_WARN_OBJC_ROOT_CLASS = YES_ERROR;
				CLANG_WARN_RANGE_LOOP_ANALYSIS = YES;
				CLANG_WARN_STRICT_PROTOTYPES = YES;
				CLANG_WARN_SUSPICIOUS_MOVE = YES;
				CLANG_WARN_UNGUARDED_AVAILABILITY = YES_AGGRESSIVE;
				CLANG_WARN_UNREACHABLE_CODE = YES;
				CLANG_WARN__DUPLICATE_METHOD_MATCH = YES;
				COPY_PHASE_STRIP = NO;
				DEBUG_INFORMATION_FORMAT = "dwarf-with-dsym";
				ENABLE_NS_ASSERTIONS = NO;
				ENABLE_STRICT_OBJC_MSGSEND = YES;
				GCC_C_LANGUAGE_STANDARD = gnu11;
				GCC_NO_COMMON_BLOCKS = YES;
				GCC_WARN_64_TO_32_BIT_CONVERSION = YES;
				GCC_WARN_ABOUT_RETURN_TYPE = YES_ERROR;
				GCC_WARN_UNDECLARED_SELECTOR = YES;
				GCC_WARN_UNINITIALIZED_AUTOS = YES_AGGRESSIVE;
				GCC_WARN_UNUSED_FUNCTION = YES;
				GCC_WARN_UNUSED_VARIABLE = YES;
				IPHONEOS_DEPLOYMENT_TARGET = 13.2;
				MTL_ENABLE_DEBUG_INFO = NO;
				MTL_FAST_MATH = YES;
				SDKROOT = iphoneos;
				SWIFT_COMPILATION_MODE = wholemodule;
				SWIFT_OPTIMIZATION_LEVEL = "-O";
				VALIDATE_PRODUCT = YES;
			};
			name = Release;
		};
		84429D842463356C00E5BA3A /* Debug */ = {
			isa = XCBuildConfiguration;
			buildSettings = {
				ASSETCATALOG_COMPILER_APPICON_NAME = AppIcon;
				CODE_SIGN_STYLE = Automatic;
				DEVELOPMENT_TEAM = H7BNW842H4;
				INFOPLIST_FILE = stackFoodGame/Info.plist;
				LD_RUNPATH_SEARCH_PATHS = (
					"$(inherited)",
					"@executable_path/Frameworks",
				);
				PRODUCT_BUNDLE_IDENTIFIER = ds12020.stackFoodGame;
				PRODUCT_NAME = "$(TARGET_NAME)";
				SWIFT_VERSION = 5.0;
				TARGETED_DEVICE_FAMILY = "1,2";
			};
			name = Debug;
		};
		84429D852463356C00E5BA3A /* Release */ = {
			isa = XCBuildConfiguration;
			buildSettings = {
				ASSETCATALOG_COMPILER_APPICON_NAME = AppIcon;
				CODE_SIGN_STYLE = Automatic;
				DEVELOPMENT_TEAM = H7BNW842H4;
				INFOPLIST_FILE = stackFoodGame/Info.plist;
				LD_RUNPATH_SEARCH_PATHS = (
					"$(inherited)",
					"@executable_path/Frameworks",
				);
				PRODUCT_BUNDLE_IDENTIFIER = ds12020.stackFoodGame;
				PRODUCT_NAME = "$(TARGET_NAME)";
				SWIFT_VERSION = 5.0;
				TARGETED_DEVICE_FAMILY = "1,2";
			};
			name = Release;
		};
/* End XCBuildConfiguration section */

/* Begin XCConfigurationList section */
		84429D672463356900E5BA3A /* Build configuration list for PBXProject "stackFoodGame" */ = {
			isa = XCConfigurationList;
			buildConfigurations = (
				84429D812463356C00E5BA3A /* Debug */,
				84429D822463356C00E5BA3A /* Release */,
			);
			defaultConfigurationIsVisible = 0;
			defaultConfigurationName = Release;
		};
		84429D832463356C00E5BA3A /* Build configuration list for PBXNativeTarget "stackFoodGame" */ = {
			isa = XCConfigurationList;
			buildConfigurations = (
				84429D842463356C00E5BA3A /* Debug */,
				84429D852463356C00E5BA3A /* Release */,
			);
			defaultConfigurationIsVisible = 0;
			defaultConfigurationName = Release;
		};
/* End XCConfigurationList section */

/* Begin XCVersionGroup section */
		84429D782463356900E5BA3A /* stackFoodGame.xcdatamodeld */ = {
			isa = XCVersionGroup;
			children = (
				84429D792463356900E5BA3A /* stackFoodGame.xcdatamodel */,
			);
			currentVersion = 84429D792463356900E5BA3A /* stackFoodGame.xcdatamodel */;
			path = stackFoodGame.xcdatamodeld;
			sourceTree = "<group>";
			versionGroupType = wrapper.xcdatamodel;
		};
/* End XCVersionGroup section */
	};
	rootObject = 84429D642463356900E5BA3A /* Project object */;
}
